# This file is autogenerated, do not edit; changes may be undone by the next 'dep ensure'.


[[projects]]
  name = "github.com/agext/levenshtein"
  packages = ["."]
  revision = "5f10fee965225ac1eecdc234c09daf5cd9e7f7b6"
  version = "v1.2.1"

[[projects]]
  branch = "master"
  name = "github.com/hashicorp/hcl2"
  packages = ["hcl"]
  revision = "44bad6dbf5490f5da17ec991e664df3d017b706f"

[[projects]]
  branch = "master"
  name = "github.com/mitchellh/go-wordwrap"
  packages = ["."]
  revision = "ad45545899c7b13c020ea92b2072220eefad42b8"

[[projects]]
  branch = "master"
  name = "github.com/zclconf/go-cty"
  packages = ["cty","cty/convert","cty/function","cty/set"]
  revision = "8bf222d6d03b7b336d013978f3acbfd877da428f"

[[projects]]
  branch = "master"
  name = "golang.org/x/text"
  packages = ["internal/gen","internal/triegen","internal/ucd","transform","unicode/cldr","unicode/norm"]
  revision = "6eab0e8f74e86c598ec3b6fad4888e0c11482d48"

[solve-meta]
  analyzer-name = "dep"
  analyzer-version = 1
  inputs-digest = "8d2793de8300f1302932b25cd96b0d2aa275723455fc897921f4829c850e41de"
  solver-name = "gps-cdcl"
  solver-version = 1
